Microsoft Visual Studio Solution File, Format Version 12.00
# Visual Studio Version 16
VisualStudioVersion = 16.0.30021.99
MinimumVisualStudioVersion = 10.0.40219.1
Project("{9A19103F-16F7-4668-BE54-9A1E7A4F7556}") = "DevMagicMemesWebApi.Common", "DevMagicMemesWebApi.Common\DevMagicMemesWebApi.Common.csproj", "{fa6bd360-d467-4407-abd2-6fee8a679dbb}"
EndProject
Project("{9A19103F-16F7-4668-BE54-9A1E7A4F7556}") = "DevMagicMemesWebApi.Contracts", "DevMagicMemesWebApi.Contracts\DevMagicMemesWebApi.Contracts.csproj", "{680f7e7b-7604-49d9-95f8-764a43712e5e}"
EndProject
Project("{9A19103F-16F7-4668-BE54-9A1E7A4F7556}") = "DevMagicMemesWebApi.Dal", "DevMagicMemesWebApi.Dal\DevMagicMemesWebApi.Dal.csproj", "{fdb755ff-c737-4531-bfe4-933e5da345ca}"
EndProject
Project("{9A19103F-16F7-4668-BE54-9A1E7A4F7556}") = "DevMagicMemesWebApi.Services", "DevMagicMemesWebApi.Services\DevMagicMemesWebApi.Services.csproj", "{4dd12b8c-13fc-4e82-af0f-04b44d59a5f9}"
EndProject
Project("{9A19103F-16F7-4668-BE54-9A1E7A4F7556}") = "DevMagicMemesWebApi.Controllers", "DevMagicMemesWebApi.Controllers\DevMagicMemesWebApi.Controllers.csproj", "{26ff7799-542a-4594-9bd0-80d5413af584}"
EndProject
Project("{9A19103F-16F7-4668-BE54-9A1E7A4F7556}") = "DevMagicMemesWebApi.Identity", "DevMagicMemesWebApi.Identity\DevMagicMemesWebApi.Identity.csproj", "{6df929a5-3144-486d-9e83-23fad0d5ff7b}"
EndProject
Project("{9A19103F-16F7-4668-BE54-9A1E7A4F7556}") = "DevMagicMemesWebApi.Vue", "DevMagicMemesWebApi.Vue\DevMagicMemesWebApi.Vue.csproj", "{c084b503-69cf-46cd-b2e4-d0a93c4cfe73}"
EndProject
Global
	GlobalSection(SolutionProperties) = preSolution
		HideSolutionNode = FALSE
	EndGlobalSection
	GlobalSection(ExtensibilityGlobals) = postSolution
		SolutionGuid = {d8f3031a-f207-4616-9b16-d8800c49874a}
	EndGlobalSection
	GlobalSection(SolutionConfigurationPlatforms) = preSolution
		Debug|Any CPU = Debug|Any CPU
		Release|Any CPU = Release|Any CPU
	EndGlobalSection
	GlobalSection(ProjectConfigurationPlatforms) = postSolution
		{fa6bd360-d467-4407-abd2-6fee8a679dbb}.Debug|Any CPU.ActiveCfg = Debug|Any CPU
		{fa6bd360-d467-4407-abd2-6fee8a679dbb}.Debug|Any CPU.Build.0 = Debug|Any CPU
		{fa6bd360-d467-4407-abd2-6fee8a679dbb}.Release|Any CPU.ActiveCfg = Release|Any CPU
		{fa6bd360-d467-4407-abd2-6fee8a679dbb}.Release|Any CPU.Build.0 = Release|Any CPU
		{680f7e7b-7604-49d9-95f8-764a43712e5e}.Debug|Any CPU.ActiveCfg = Debug|Any CPU
		{680f7e7b-7604-49d9-95f8-764a43712e5e}.Debug|Any CPU.Build.0 = Debug|Any CPU
		{680f7e7b-7604-49d9-95f8-764a43712e5e}.Release|Any CPU.ActiveCfg = Release|Any CPU
		{680f7e7b-7604-49d9-95f8-764a43712e5e}.Release|Any CPU.Build.0 = Release|Any CPU
		{fdb755ff-c737-4531-bfe4-933e5da345ca}.Debug|Any CPU.ActiveCfg = Debug|Any CPU
		{fdb755ff-c737-4531-bfe4-933e5da345ca}.Debug|Any CPU.Build.0 = Debug|Any CPU
		{fdb755ff-c737-4531-bfe4-933e5da345ca}.Release|Any CPU.ActiveCfg = Release|Any CPU
		{fdb755ff-c737-4531-bfe4-933e5da345ca}.Release|Any CPU.Build.0 = Release|Any CPU
		{4dd12b8c-13fc-4e82-af0f-04b44d59a5f9}.Debug|Any CPU.ActiveCfg = Debug|Any CPU
		{4dd12b8c-13fc-4e82-af0f-04b44d59a5f9}.Debug|Any CPU.Build.0 = Debug|Any CPU
		{4dd12b8c-13fc-4e82-af0f-04b44d59a5f9}.Release|Any CPU.ActiveCfg = Release|Any CPU
		{4dd12b8c-13fc-4e82-af0f-04b44d59a5f9}.Release|Any CPU.Build.0 = Release|Any CPU
		{26ff7799-542a-4594-9bd0-80d5413af584}.Debug|Any CPU.ActiveCfg = Debug|Any CPU
		{26ff7799-542a-4594-9bd0-80d5413af584}.Debug|Any CPU.Build.0 = Debug|Any CPU
		{26ff7799-542a-4594-9bd0-80d5413af584}.Release|Any CPU.ActiveCfg = Release|Any CPU
		{26ff7799-542a-4594-9bd0-80d5413af584}.Release|Any CPU.Build.0 = Release|Any CPU
		{6df929a5-3144-486d-9e83-23fad0d5ff7b}.Debug|Any CPU.ActiveCfg = Debug|Any CPU
		{6df929a5-3144-486d-9e83-23fad0d5ff7b}.Debug|Any CPU.Build.0 = Debug|Any CPU
		{6df929a5-3144-486d-9e83-23fad0d5ff7b}.Release|Any CPU.ActiveCfg = Release|Any CPU
		{6df929a5-3144-486d-9e83-23fad0d5ff7b}.Release|Any CPU.Build.0 = Release|Any CPU
		{c084b503-69cf-46cd-b2e4-d0a93c4cfe73}.Debug|Any CPU.ActiveCfg = Debug|Any CPU
		{c084b503-69cf-46cd-b2e4-d0a93c4cfe73}.Debug|Any CPU.Build.0 = Debug|Any CPU
		{c084b503-69cf-46cd-b2e4-d0a93c4cfe73}.Release|Any CPU.ActiveCfg = Release|Any CPU
		{c084b503-69cf-46cd-b2e4-d0a93c4cfe73}.Release|Any CPU.Build.0 = Release|Any CPU
	EndGlobalSection
EndGlobal
