Microsoft Visual Studio Solution File, Format Version 12.00
# Visual Studio Version 16
VisualStudioVersion = 16.0.30021.99
MinimumVisualStudioVersion = 10.0.40219.1
Project("{9A19103F-16F7-4668-BE54-9A1E7A4F7556}") = "DevMagicMemesWebApi.Common", "DevMagicMemesWebApi.Common\DevMagicMemesWebApi.Common.csproj", "{ffd1693f-a332-4235-b5e6-2b4af608ce55}"
EndProject
Project("{9A19103F-16F7-4668-BE54-9A1E7A4F7556}") = "DevMagicMemesWebApi.Contracts", "DevMagicMemesWebApi.Contracts\DevMagicMemesWebApi.Contracts.csproj", "{4f6bdb94-964c-4609-bc30-05355b61d806}"
EndProject
Project("{9A19103F-16F7-4668-BE54-9A1E7A4F7556}") = "DevMagicMemesWebApi.Dal", "DevMagicMemesWebApi.Dal\DevMagicMemesWebApi.Dal.csproj", "{2aebcdc9-cd5b-485c-9652-a638b796df7e}"
EndProject
Project("{9A19103F-16F7-4668-BE54-9A1E7A4F7556}") = "DevMagicMemesWebApi.Services", "DevMagicMemesWebApi.Services\DevMagicMemesWebApi.Services.csproj", "{d0ec8ace-0298-4b64-aaa4-e092c05c64bb}"
EndProject
Project("{9A19103F-16F7-4668-BE54-9A1E7A4F7556}") = "DevMagicMemesWebApi.Controllers", "DevMagicMemesWebApi.Controllers\DevMagicMemesWebApi.Controllers.csproj", "{0cada114-329a-49b9-925d-608b7ae21ec9}"
EndProject
Project("{9A19103F-16F7-4668-BE54-9A1E7A4F7556}") = "DevMagicMemesWebApi.Identity", "DevMagicMemesWebApi.Identity\DevMagicMemesWebApi.Identity.csproj", "{90b6d60a-a194-4034-9455-b0f8b3fd7e21}"
EndProject
Project("{9A19103F-16F7-4668-BE54-9A1E7A4F7556}") = "DevMagicMemesWebApi.Vue", "DevMagicMemesWebApi.Vue\DevMagicMemesWebApi.Vue.csproj", "{4726aa18-305f-4da4-bc7d-7f9c89a33128}"
EndProject
Global
	GlobalSection(SolutionProperties) = preSolution
		HideSolutionNode = FALSE
	EndGlobalSection
	GlobalSection(ExtensibilityGlobals) = postSolution
		SolutionGuid = {6b280c6e-874e-46f2-b644-c8834a4f1226}
	EndGlobalSection
	GlobalSection(SolutionConfigurationPlatforms) = preSolution
		Debug|Any CPU = Debug|Any CPU
		Release|Any CPU = Release|Any CPU
	EndGlobalSection
	GlobalSection(ProjectConfigurationPlatforms) = postSolution
		{ffd1693f-a332-4235-b5e6-2b4af608ce55}.Debug|Any CPU.ActiveCfg = Debug|Any CPU
		{ffd1693f-a332-4235-b5e6-2b4af608ce55}.Debug|Any CPU.Build.0 = Debug|Any CPU
		{ffd1693f-a332-4235-b5e6-2b4af608ce55}.Release|Any CPU.ActiveCfg = Release|Any CPU
		{ffd1693f-a332-4235-b5e6-2b4af608ce55}.Release|Any CPU.Build.0 = Release|Any CPU
		{4f6bdb94-964c-4609-bc30-05355b61d806}.Debug|Any CPU.ActiveCfg = Debug|Any CPU
		{4f6bdb94-964c-4609-bc30-05355b61d806}.Debug|Any CPU.Build.0 = Debug|Any CPU
		{4f6bdb94-964c-4609-bc30-05355b61d806}.Release|Any CPU.ActiveCfg = Release|Any CPU
		{4f6bdb94-964c-4609-bc30-05355b61d806}.Release|Any CPU.Build.0 = Release|Any CPU
		{2aebcdc9-cd5b-485c-9652-a638b796df7e}.Debug|Any CPU.ActiveCfg = Debug|Any CPU
		{2aebcdc9-cd5b-485c-9652-a638b796df7e}.Debug|Any CPU.Build.0 = Debug|Any CPU
		{2aebcdc9-cd5b-485c-9652-a638b796df7e}.Release|Any CPU.ActiveCfg = Release|Any CPU
		{2aebcdc9-cd5b-485c-9652-a638b796df7e}.Release|Any CPU.Build.0 = Release|Any CPU
		{d0ec8ace-0298-4b64-aaa4-e092c05c64bb}.Debug|Any CPU.ActiveCfg = Debug|Any CPU
		{d0ec8ace-0298-4b64-aaa4-e092c05c64bb}.Debug|Any CPU.Build.0 = Debug|Any CPU
		{d0ec8ace-0298-4b64-aaa4-e092c05c64bb}.Release|Any CPU.ActiveCfg = Release|Any CPU
		{d0ec8ace-0298-4b64-aaa4-e092c05c64bb}.Release|Any CPU.Build.0 = Release|Any CPU
		{0cada114-329a-49b9-925d-608b7ae21ec9}.Debug|Any CPU.ActiveCfg = Debug|Any CPU
		{0cada114-329a-49b9-925d-608b7ae21ec9}.Debug|Any CPU.Build.0 = Debug|Any CPU
		{0cada114-329a-49b9-925d-608b7ae21ec9}.Release|Any CPU.ActiveCfg = Release|Any CPU
		{0cada114-329a-49b9-925d-608b7ae21ec9}.Release|Any CPU.Build.0 = Release|Any CPU
		{90b6d60a-a194-4034-9455-b0f8b3fd7e21}.Debug|Any CPU.ActiveCfg = Debug|Any CPU
		{90b6d60a-a194-4034-9455-b0f8b3fd7e21}.Debug|Any CPU.Build.0 = Debug|Any CPU
		{90b6d60a-a194-4034-9455-b0f8b3fd7e21}.Release|Any CPU.ActiveCfg = Release|Any CPU
		{90b6d60a-a194-4034-9455-b0f8b3fd7e21}.Release|Any CPU.Build.0 = Release|Any CPU
		{4726aa18-305f-4da4-bc7d-7f9c89a33128}.Debug|Any CPU.ActiveCfg = Debug|Any CPU
		{4726aa18-305f-4da4-bc7d-7f9c89a33128}.Debug|Any CPU.Build.0 = Debug|Any CPU
		{4726aa18-305f-4da4-bc7d-7f9c89a33128}.Release|Any CPU.ActiveCfg = Release|Any CPU
		{4726aa18-305f-4da4-bc7d-7f9c89a33128}.Release|Any CPU.Build.0 = Release|Any CPU
	EndGlobalSection
EndGlobal
